<?xml version="1.0" encoding="utf-8"?>
<Project ToolsVersion="4.0" xmlns="http://schemas.microsoft.com/developer/msbuild/2003">
  <ItemGroup>
    <Filter Include="glew">
      <UniqueIdentifier>{2e813511-1724-45be-9e27-b440b41a7aad}</UniqueIdentifier>
    </Filter>
    <Filter Include="glew\include">
      <UniqueIdentifier>{ee37c75c-4b1b-4669-94c7-10cfe20f9f57}</UniqueIdentifier>
    </Filter>
    <Filter Include="glew\source">
      <UniqueIdentifier>{6b1df07c-c068-429f-9e4a-2120749b4ffb}</UniqueIdentifier>
    </Filter>
    <Filter Include="freeglut">
      <UniqueIdentifier>{627b772b-147d-4618-a872-0d1b4741dc79}</UniqueIdentifier>
    </Filter>
    <Filter Include="freeglut\include">
      <UniqueIdentifier>{f783ee56-d419-4e51-a98d-fa445bfc7e1f}</UniqueIdentifier>
    </Filter>
    <Filter Include="freeglut\source">
      <UniqueIdentifier>{59573389-7e8c-441b-a8d0-7aaac265793b}</UniqueIdentifier>
    </Filter>
    <Filter Include="cwc">
      <UniqueIdentifier>{3f8ca0dd-e0b2-46ce-8d70-21e62ece6849}</UniqueIdentifier>
    </Filter>
    <Filter Include="cwc\include">
      <UniqueIdentifier>{3a293e0f-f3d4-46c3-a33f-d55dddcae381}</UniqueIdentifier>
    </Filter>
    <Filter Include="cwc\source">
      <UniqueIdentifier>{62a18be6-39a8-4306-83fa-6aa02021504d}</UniqueIdentifier>
    </Filter>
    <Filter Include="ClasesPropias">
      <UniqueIdentifier>{0fb91c0c-2541-4e74-8788-25b6940c84cb}</UniqueIdentifier>
    </Filter>
    <Filter Include="glm">
      <UniqueIdentifier>{b0f7969a-4907-4953-905b-cc9aa1d2928c}</UniqueIdentifier>
    </Filter>
  </ItemGroup>
  <ItemGroup>
    <ClInclude Include="glew\include\Gl\glew.h">
      <Filter>glew\include</Filter>
    </ClInclude>
    <ClInclude Include="glew\include\Gl\glxew.h">
      <Filter>glew\include</Filter>
    </ClInclude>
    <ClInclude Include="glew\include\Gl\wglew.h">
      <Filter>glew\include</Filter>
    </ClInclude>
    <ClInclude Include="freeglut\include\Gl\freeglut.h">
      <Filter>freeglut\include</Filter>
    </ClInclude>
    <ClInclude Include="freeglut\include\Gl\freeglut_ext.h">
      <Filter>freeglut\include</Filter>
    </ClInclude>
    <ClInclude Include="freeglut\include\Gl\freeglut_std.h">
      <Filter>freeglut\include</Filter>
    </ClInclude>
    <ClInclude Include="freeglut\include\Gl\glut.h">
      <Filter>freeglut\include</Filter>
    </ClInclude>
    <ClInclude Include="freeglut\source\freeglut_internal.h">
      <Filter>freeglut\source</Filter>
    </ClInclude>
    <ClInclude Include="freeglut\source\freeglut_teapot_data.h">
      <Filter>freeglut\source</Filter>
    </ClInclude>
    <ClInclude Include="cwc\include\glApplication.h">
      <Filter>cwc\include</Filter>
    </ClInclude>
    <ClInclude Include="cwc\include\glsl.h">
      <Filter>cwc\include</Filter>
    </ClInclude>
    <ClInclude Include="cwc\include\glutwindow.h">
      <Filter>cwc\include</Filter>
    </ClInclude>
    <ClInclude Include="cwc\include\glWindow.h">
      <Filter>cwc\include</Filter>
    </ClInclude>
    <ClInclude Include="ClassTree.h">
      <Filter>ClasesPropias</Filter>
    </ClInclude>
    <ClInclude Include="Door.h">
      <Filter>ClasesPropias</Filter>
    </ClInclude>
    <ClInclude Include="glm\glm.h">
      <Filter>glm</Filter>
    </ClInclude>
    <ClInclude Include="AbrirMalla.h" />
  </ItemGroup>
  <ItemGroup>
    <ClCompile Include="glew\source\glew.c">
      <Filter>glew\source</Filter>
    </ClCompile>
    <ClCompile Include="freeglut\source\freeglut_callbacks.c">
      <Filter>freeglut\source</Filter>
    </ClCompile>
    <ClCompile Include="freeglut\source\freeglut_cursor.c">
      <Filter>freeglut\source</Filter>
    </ClCompile>
    <ClCompile Include="freeglut\source\freeglut_display.c">
      <Filter>freeglut\source</Filter>
    </ClCompile>
    <ClCompile Include="freeglut\source\freeglut_ext.c">
      <Filter>freeglut\source</Filter>
    </ClCompile>
    <ClCompile Include="freeglut\source\freeglut_font.c">
      <Filter>freeglut\source</Filter>
    </ClCompile>
    <ClCompile Include="freeglut\source\freeglut_font_data.c">
      <Filter>freeglut\source</Filter>
    </ClCompile>
    <ClCompile Include="freeglut\source\freeglut_gamemode.c">
      <Filter>freeglut\source</Filter>
    </ClCompile>
    <ClCompile Include="freeglut\source\freeglut_geometry.c">
      <Filter>freeglut\source</Filter>
    </ClCompile>
    <ClCompile Include="freeglut\source\freeglut_glutfont_definitions.c">
      <Filter>freeglut\source</Filter>
    </ClCompile>
    <ClCompile Include="freeglut\source\freeglut_init.c">
      <Filter>freeglut\source</Filter>
    </ClCompile>
    <ClCompile Include="freeglut\source\freeglut_joystick.c">
      <Filter>freeglut\source</Filter>
    </ClCompile>
    <ClCompile Include="freeglut\source\freeglut_main.c">
      <Filter>freeglut\source</Filter>
    </ClCompile>
    <ClCompile Include="freeglut\source\freeglut_menu.c">
      <Filter>freeglut\source</Filter>
    </ClCompile>
    <ClCompile Include="freeglut\source\freeglut_misc.c">
      <Filter>freeglut\source</Filter>
    </ClCompile>
    <ClCompile Include="freeglut\source\freeglut_overlay.c">
      <Filter>freeglut\source</Filter>
    </ClCompile>
    <ClCompile Include="freeglut\source\freeglut_state.c">
      <Filter>freeglut\source</Filter>
    </ClCompile>
    <ClCompile Include="freeglut\source\freeglut_stroke_mono_roman.c">
      <Filter>freeglut\source</Filter>
    </ClCompile>
    <ClCompile Include="freeglut\source\freeglut_stroke_roman.c">
      <Filter>freeglut\source</Filter>
    </ClCompile>
    <ClCompile Include="freeglut\source\freeglut_structure.c">
      <Filter>freeglut\source</Filter>
    </ClCompile>
    <ClCompile Include="freeglut\source\freeglut_teapot.c">
      <Filter>freeglut\source</Filter>
    </ClCompile>
    <ClCompile Include="freeglut\source\freeglut_videoresize.c">
      <Filter>freeglut\source</Filter>
    </ClCompile>
    <ClCompile Include="freeglut\source\freeglut_window.c">
      <Filter>freeglut\source</Filter>
    </ClCompile>
    <ClCompile Include="cwc\source\glApplication.cpp">
      <Filter>cwc\source</Filter>
    </ClCompile>
    <ClCompile Include="cwc\source\glsl.cpp">
      <Filter>cwc\source</Filter>
    </ClCompile>
    <ClCompile Include="cwc\source\glutwindow.cpp">
      <Filter>cwc\source</Filter>
    </ClCompile>
    <ClCompile Include="cwc\source\glWindow.cpp">
      <Filter>cwc\source</Filter>
    </ClCompile>
    <ClCompile Include="main.cpp" />
    <ClCompile Include="ClassTree.cpp">
      <Filter>ClasesPropias</Filter>
    </ClCompile>
    <ClCompile Include="Door.cpp">
      <Filter>ClasesPropias</Filter>
    </ClCompile>
    <ClCompile Include="glm\glm.cpp">
      <Filter>glm</Filter>
    </ClCompile>
    <ClCompile Include="AbrirMalla.cpp" />
  </ItemGroup>
  <ItemGroup>
    <None Include="freeglut\source\freeglutdll.def">
      <Filter>freeglut\source</Filter>
    </None>
  </ItemGroup>
  <ItemGroup>
    <Text Include="fragmentshader.txt" />
    <Text Include="vertexshader.txt" />
  </ItemGroup>
</Project>